
Microsoft Visual Studio Solution File, Format Version 12.00
# Visual Studio Version 17
VisualStudioVersion = 17.11.35219.272
MinimumVisualStudioVersion = 10.0.40219.1
Project("{9A19103F-16F7-4668-BE54-9A1E7A4F7556}") = "ReceiverService", "TesteService\ReceiverService.csproj", "{0546E698-A852-41FA-9978-8EB039F0F81C}"
EndProject
Project("{9A19103F-16F7-4668-BE54-9A1E7A4F7556}") = "ConsumerService", "ConsumerService\ConsumerService.csproj", "{04FE9862-E64A-4DFC-959B-59120404959F}"
EndProject
Project("{9A19103F-16F7-4668-BE54-9A1E7A4F7556}") = "ReceiverGrpcService", "ReceiverGrpcService\ReceiverGrpcService.csproj", "{CF58767E-DC8F-4288-B476-8EB820FE6E51}"
EndProject
Project("{FAE04EC0-301F-11D3-BF4B-00C04F79EFBC}") = "ReceiverService.Test", "ReceiverService.Test\ReceiverService.Test.csproj", "{AADC23A4-9D90-4D4F-A9D8-41F997B2EFE8}"
EndProject
Global
	GlobalSection(SolutionConfigurationPlatforms) = preSolution
		Debug|Any CPU = Debug|Any CPU
		Release|Any CPU = Release|Any CPU
	EndGlobalSection
	GlobalSection(ProjectConfigurationPlatforms) = postSolution
		{0546E698-A852-41FA-9978-8EB039F0F81C}.Debug|Any CPU.ActiveCfg = Debug|Any CPU
		{0546E698-A852-41FA-9978-8EB039F0F81C}.Debug|Any CPU.Build.0 = Debug|Any CPU
		{0546E698-A852-41FA-9978-8EB039F0F81C}.Release|Any CPU.ActiveCfg = Release|Any CPU
		{0546E698-A852-41FA-9978-8EB039F0F81C}.Release|Any CPU.Build.0 = Release|Any CPU
		{04FE9862-E64A-4DFC-959B-59120404959F}.Debug|Any CPU.ActiveCfg = Debug|Any CPU
		{04FE9862-E64A-4DFC-959B-59120404959F}.Debug|Any CPU.Build.0 = Debug|Any CPU
		{04FE9862-E64A-4DFC-959B-59120404959F}.Release|Any CPU.ActiveCfg = Release|Any CPU
		{04FE9862-E64A-4DFC-959B-59120404959F}.Release|Any CPU.Build.0 = Release|Any CPU
		{CF58767E-DC8F-4288-B476-8EB820FE6E51}.Debug|Any CPU.ActiveCfg = Debug|Any CPU
		{CF58767E-DC8F-4288-B476-8EB820FE6E51}.Debug|Any CPU.Build.0 = Debug|Any CPU
		{CF58767E-DC8F-4288-B476-8EB820FE6E51}.Release|Any CPU.ActiveCfg = Release|Any CPU
		{CF58767E-DC8F-4288-B476-8EB820FE6E51}.Release|Any CPU.Build.0 = Release|Any CPU
		{AADC23A4-9D90-4D4F-A9D8-41F997B2EFE8}.Debug|Any CPU.ActiveCfg = Debug|Any CPU
		{AADC23A4-9D90-4D4F-A9D8-41F997B2EFE8}.Debug|Any CPU.Build.0 = Debug|Any CPU
		{AADC23A4-9D90-4D4F-A9D8-41F997B2EFE8}.Release|Any CPU.ActiveCfg = Release|Any CPU
		{AADC23A4-9D90-4D4F-A9D8-41F997B2EFE8}.Release|Any CPU.Build.0 = Release|Any CPU
	EndGlobalSection
	GlobalSection(SolutionProperties) = preSolution
		HideSolutionNode = FALSE
	EndGlobalSection
	GlobalSection(ExtensibilityGlobals) = postSolution
		SolutionGuid = {DB13F260-3434-4FB8-96B0-5B6D8B676DC4}
	EndGlobalSection
EndGlobal
